
Microsoft Visual Studio Solution File, Format Version 12.00
# Visual Studio Version 17
VisualStudioVersion = 17.4.33205.214
MinimumVisualStudioVersion = 10.0.40219.1
Project("{8BC9CEB8-8B4A-11D0-8D11-00A0C91BC942}") = "MJ_simulator", "MJ_simulator\MJ_simulator.vcxproj", "{F4711593-0735-447E-BB25-EA5FEA7123BA}"
EndProject
Global
	GlobalSection(SolutionConfigurationPlatforms) = preSolution
		Debug|x64 = Debug|x64
		Release|x64 = Release|x64
	EndGlobalSection
	GlobalSection(ProjectConfigurationPlatforms) = postSolution
		{F4711593-0735-447E-BB25-EA5FEA7123BA}.Debug|x64.ActiveCfg = Debug|x64
		{F4711593-0735-447E-BB25-EA5FEA7123BA}.Debug|x64.Build.0 = Debug|x64
		{F4711593-0735-447E-BB25-EA5FEA7123BA}.Release|x64.ActiveCfg = Release|x64
		{F4711593-0735-447E-BB25-EA5FEA7123BA}.Release|x64.Build.0 = Release|x64
	EndGlobalSection
	GlobalSection(SolutionProperties) = preSolution
		HideSolutionNode = FALSE
	EndGlobalSection
	GlobalSection(ExtensibilityGlobals) = postSolution
		SolutionGuid = {0186032A-0A16-49EF-AB3D-307B56C689F6}
	EndGlobalSection
EndGlobal
